
Microsoft Visual Studio Solution File, Format Version 12.00
# Visual Studio Version 16
VisualStudioVersion = 16.0.30413.136
MinimumVisualStudioVersion = 10.0.40219.1
Project("{FAE04EC0-301F-11D3-BF4B-00C04F79EFBC}") = "Lab_5", "Lab_5\Lab_5.csproj", "{D6A079D5-F985-45C1-825E-50D305177DC4}"
EndProject
Global
	GlobalSection(SolutionConfigurationPlatforms) = preSolution
		Debug|Any CPU = Debug|Any CPU
		Release|Any CPU = Release|Any CPU
	EndGlobalSection
	GlobalSection(ProjectConfigurationPlatforms) = postSolution
		{D6A079D5-F985-45C1-825E-50D305177DC4}.Debug|Any CPU.ActiveCfg = Debug|Any CPU
		{D6A079D5-F985-45C1-825E-50D305177DC4}.Debug|Any CPU.Build.0 = Debug|Any CPU
		{D6A079D5-F985-45C1-825E-50D305177DC4}.Release|Any CPU.ActiveCfg = Release|Any CPU
		{D6A079D5-F985-45C1-825E-50D305177DC4}.Release|Any CPU.Build.0 = Release|Any CPU
	EndGlobalSection
	GlobalSection(SolutionProperties) = preSolution
		HideSolutionNode = FALSE
	EndGlobalSection
	GlobalSection(ExtensibilityGlobals) = postSolution
		SolutionGuid = {CC959751-F410-4112-8C07-CDB8014E9BD1}
	EndGlobalSection
EndGlobal
