
Microsoft Visual Studio Solution File, Format Version 12.00
# Visual Studio 15
VisualStudioVersion = 15.0.28307.852
MinimumVisualStudioVersion = 10.0.40219.1
Project("{FAE04EC0-301F-11D3-BF4B-00C04F79EFBC}") = "CHAT_SERVER", "CHAT_SERVER\CHAT_SERVER.csproj", "{EC04B486-AF27-49FF-B5E2-B05CF6E68674}"
EndProject
Global
	GlobalSection(SolutionConfigurationPlatforms) = preSolution
		Debug|Any CPU = Debug|Any CPU
		Release|Any CPU = Release|Any CPU
	EndGlobalSection
	GlobalSection(ProjectConfigurationPlatforms) = postSolution
		{EC04B486-AF27-49FF-B5E2-B05CF6E68674}.Debug|Any CPU.ActiveCfg = Debug|Any CPU
		{EC04B486-AF27-49FF-B5E2-B05CF6E68674}.Debug|Any CPU.Build.0 = Debug|Any CPU
		{EC04B486-AF27-49FF-B5E2-B05CF6E68674}.Release|Any CPU.ActiveCfg = Release|Any CPU
		{EC04B486-AF27-49FF-B5E2-B05CF6E68674}.Release|Any CPU.Build.0 = Release|Any CPU
	EndGlobalSection
	GlobalSection(SolutionProperties) = preSolution
		HideSolutionNode = FALSE
	EndGlobalSection
	GlobalSection(ExtensibilityGlobals) = postSolution
		SolutionGuid = {6FF98ABC-B134-4FA5-B58D-7CE8F0EDD630}
	EndGlobalSection
EndGlobal
